
Microsoft Visual Studio Solution File, Format Version 12.00
# Visual Studio Version 16
VisualStudioVersion = 16.0.29201.188
MinimumVisualStudioVersion = 10.0.40219.1
Project("{9A19103F-16F7-4668-BE54-9A1E7A4F7556}") = "Nintek.Core", "Nintek.Core\Nintek.Core.csproj", "{0D9124FF-46AA-457A-9F11-79563E4FFA57}"
EndProject
Project("{9A19103F-16F7-4668-BE54-9A1E7A4F7556}") = "Nintek.Core.Tests", "Nintek.Core.Tests\Nintek.Core.Tests.csproj", "{8CF3E5C0-C08F-438F-9F9D-D7148E9C0AD6}"
EndProject
Project("{9A19103F-16F7-4668-BE54-9A1E7A4F7556}") = "Nintek.Core.Domain", "Nintek.Core.Domain\Nintek.Core.Domain.csproj", "{7729FAFC-3178-476F-A07C-BB4DA6FCB1A5}"
EndProject
Project("{9A19103F-16F7-4668-BE54-9A1E7A4F7556}") = "Nintek.Core.Domain.Common", "Nintek.Core.Domain.Common\Nintek.Core.Domain.Common.csproj", "{FC67E86C-6531-4196-97D6-16082917D86C}"
EndProject
Project("{9A19103F-16F7-4668-BE54-9A1E7A4F7556}") = "Nintek.Core.Events", "Nintek.Core.Events\Nintek.Core.Events.csproj", "{207D23C2-0456-420B-B046-7F50CAA3E5FA}"
EndProject
Project("{9A19103F-16F7-4668-BE54-9A1E7A4F7556}") = "Nintek.Core.Data", "Nintek.Core.Data\Nintek.Core.Data.csproj", "{26FD9656-FF7E-48FA-9663-13017C7C947F}"
EndProject
Project("{9A19103F-16F7-4668-BE54-9A1E7A4F7556}") = "Nintek.Core.Data.Npgsql", "Nintek.Core.Data.Npgsql\Nintek.Core.Data.Npgsql.csproj", "{FF3842D1-B48B-4771-A4E6-7F2FECC25A53}"
EndProject
Project("{9A19103F-16F7-4668-BE54-9A1E7A4F7556}") = "Nintek.Core.Data.Dapper", "Nintek.Core.Data.Dapper\Nintek.Core.Data.Dapper.csproj", "{770483D4-6F4A-4D92-9CEA-DEF016FE67F7}"
EndProject
Project("{9A19103F-16F7-4668-BE54-9A1E7A4F7556}") = "Nintek.Core.Events.Handling", "Nintek.Core.Events.Handling\Nintek.Core.Events.Handling.csproj", "{03B20E65-6755-457F-B539-A94500EF3F07}"
EndProject
Project("{9A19103F-16F7-4668-BE54-9A1E7A4F7556}") = "Nintek.Core.Infrastructure", "Nintek.Core.Infrastructure\Nintek.Core.Infrastructure.csproj", "{FA7C32D2-472E-41E6-9CFA-B65F9C6EE5DF}"
EndProject
Project("{9A19103F-16F7-4668-BE54-9A1E7A4F7556}") = "Nintek.Core.Domain.Tests", "Nintek.Core.Domain.Tests\Nintek.Core.Domain.Tests.csproj", "{462B40AB-F3FC-4E99-80C1-1E3FB0EA2FB2}"
EndProject
Global
	GlobalSection(SolutionConfigurationPlatforms) = preSolution
		Debug|Any CPU = Debug|Any CPU
		Release|Any CPU = Release|Any CPU
	EndGlobalSection
	GlobalSection(ProjectConfigurationPlatforms) = postSolution
		{0D9124FF-46AA-457A-9F11-79563E4FFA57}.Debug|Any CPU.ActiveCfg = Debug|Any CPU
		{0D9124FF-46AA-457A-9F11-79563E4FFA57}.Debug|Any CPU.Build.0 = Debug|Any CPU
		{0D9124FF-46AA-457A-9F11-79563E4FFA57}.Release|Any CPU.ActiveCfg = Release|Any CPU
		{0D9124FF-46AA-457A-9F11-79563E4FFA57}.Release|Any CPU.Build.0 = Release|Any CPU
		{8CF3E5C0-C08F-438F-9F9D-D7148E9C0AD6}.Debug|Any CPU.ActiveCfg = Debug|Any CPU
		{8CF3E5C0-C08F-438F-9F9D-D7148E9C0AD6}.Debug|Any CPU.Build.0 = Debug|Any CPU
		{8CF3E5C0-C08F-438F-9F9D-D7148E9C0AD6}.Release|Any CPU.ActiveCfg = Release|Any CPU
		{8CF3E5C0-C08F-438F-9F9D-D7148E9C0AD6}.Release|Any CPU.Build.0 = Release|Any CPU
		{7729FAFC-3178-476F-A07C-BB4DA6FCB1A5}.Debug|Any CPU.ActiveCfg = Debug|Any CPU
		{7729FAFC-3178-476F-A07C-BB4DA6FCB1A5}.Debug|Any CPU.Build.0 = Debug|Any CPU
		{7729FAFC-3178-476F-A07C-BB4DA6FCB1A5}.Release|Any CPU.ActiveCfg = Release|Any CPU
		{7729FAFC-3178-476F-A07C-BB4DA6FCB1A5}.Release|Any CPU.Build.0 = Release|Any CPU
		{FC67E86C-6531-4196-97D6-16082917D86C}.Debug|Any CPU.ActiveCfg = Debug|Any CPU
		{FC67E86C-6531-4196-97D6-16082917D86C}.Debug|Any CPU.Build.0 = Debug|Any CPU
		{FC67E86C-6531-4196-97D6-16082917D86C}.Release|Any CPU.ActiveCfg = Release|Any CPU
		{FC67E86C-6531-4196-97D6-16082917D86C}.Release|Any CPU.Build.0 = Release|Any CPU
		{207D23C2-0456-420B-B046-7F50CAA3E5FA}.Debug|Any CPU.ActiveCfg = Debug|Any CPU
		{207D23C2-0456-420B-B046-7F50CAA3E5FA}.Debug|Any CPU.Build.0 = Debug|Any CPU
		{207D23C2-0456-420B-B046-7F50CAA3E5FA}.Release|Any CPU.ActiveCfg = Release|Any CPU
		{207D23C2-0456-420B-B046-7F50CAA3E5FA}.Release|Any CPU.Build.0 = Release|Any CPU
		{26FD9656-FF7E-48FA-9663-13017C7C947F}.Debug|Any CPU.ActiveCfg = Debug|Any CPU
		{26FD9656-FF7E-48FA-9663-13017C7C947F}.Debug|Any CPU.Build.0 = Debug|Any CPU
		{26FD9656-FF7E-48FA-9663-13017C7C947F}.Release|Any CPU.ActiveCfg = Release|Any CPU
		{26FD9656-FF7E-48FA-9663-13017C7C947F}.Release|Any CPU.Build.0 = Release|Any CPU
		{FF3842D1-B48B-4771-A4E6-7F2FECC25A53}.Debug|Any CPU.ActiveCfg = Debug|Any CPU
		{FF3842D1-B48B-4771-A4E6-7F2FECC25A53}.Debug|Any CPU.Build.0 = Debug|Any CPU
		{FF3842D1-B48B-4771-A4E6-7F2FECC25A53}.Release|Any CPU.ActiveCfg = Release|Any CPU
		{FF3842D1-B48B-4771-A4E6-7F2FECC25A53}.Release|Any CPU.Build.0 = Release|Any CPU
		{770483D4-6F4A-4D92-9CEA-DEF016FE67F7}.Debug|Any CPU.ActiveCfg = Debug|Any CPU
		{770483D4-6F4A-4D92-9CEA-DEF016FE67F7}.Debug|Any CPU.Build.0 = Debug|Any CPU
		{770483D4-6F4A-4D92-9CEA-DEF016FE67F7}.Release|Any CPU.ActiveCfg = Release|Any CPU
		{770483D4-6F4A-4D92-9CEA-DEF016FE67F7}.Release|Any CPU.Build.0 = Release|Any CPU
		{03B20E65-6755-457F-B539-A94500EF3F07}.Debug|Any CPU.ActiveCfg = Debug|Any CPU
		{03B20E65-6755-457F-B539-A94500EF3F07}.Debug|Any CPU.Build.0 = Debug|Any CPU
		{03B20E65-6755-457F-B539-A94500EF3F07}.Release|Any CPU.ActiveCfg = Release|Any CPU
		{03B20E65-6755-457F-B539-A94500EF3F07}.Release|Any CPU.Build.0 = Release|Any CPU
		{FA7C32D2-472E-41E6-9CFA-B65F9C6EE5DF}.Debug|Any CPU.ActiveCfg = Debug|Any CPU
		{FA7C32D2-472E-41E6-9CFA-B65F9C6EE5DF}.Debug|Any CPU.Build.0 = Debug|Any CPU
		{FA7C32D2-472E-41E6-9CFA-B65F9C6EE5DF}.Release|Any CPU.ActiveCfg = Release|Any CPU
		{FA7C32D2-472E-41E6-9CFA-B65F9C6EE5DF}.Release|Any CPU.Build.0 = Release|Any CPU
		{462B40AB-F3FC-4E99-80C1-1E3FB0EA2FB2}.Debug|Any CPU.ActiveCfg = Debug|Any CPU
		{462B40AB-F3FC-4E99-80C1-1E3FB0EA2FB2}.Debug|Any CPU.Build.0 = Debug|Any CPU
		{462B40AB-F3FC-4E99-80C1-1E3FB0EA2FB2}.Release|Any CPU.ActiveCfg = Release|Any CPU
		{462B40AB-F3FC-4E99-80C1-1E3FB0EA2FB2}.Release|Any CPU.Build.0 = Release|Any CPU
	EndGlobalSection
	GlobalSection(SolutionProperties) = preSolution
		HideSolutionNode = FALSE
	EndGlobalSection
	GlobalSection(ExtensibilityGlobals) = postSolution
		SolutionGuid = {13D3310D-54FF-428C-BC9C-32B6710D8094}
	EndGlobalSection
EndGlobal
